
Microsoft Visual Studio Solution File, Format Version 12.00
# Visual Studio Version 17
VisualStudioVersion = 17.11.35312.102
MinimumVisualStudioVersion = 10.0.40219.1
Project("{8BC9CEB8-8B4A-11D0-8D11-00A0C91BC942}") = "RPG_Game", "RPG_Game.vcxproj", "{3727946A-FA0E-4821-B1EA-DAB621BC0260}"
EndProject
Global
	GlobalSection(SolutionConfigurationPlatforms) = preSolution
		Debug|x64 = Debug|x64
		Debug|x86 = Debug|x86
		Release|x64 = Release|x64
		Release|x86 = Release|x86
	EndGlobalSection
	GlobalSection(ProjectConfigurationPlatforms) = postSolution
		{3727946A-FA0E-4821-B1EA-DAB621BC0260}.Debug|x64.ActiveCfg = Debug|x64
		{3727946A-FA0E-4821-B1EA-DAB621BC0260}.Debug|x64.Build.0 = Debug|x64
		{3727946A-FA0E-4821-B1EA-DAB621BC0260}.Debug|x86.ActiveCfg = Debug|Win32
		{3727946A-FA0E-4821-B1EA-DAB621BC0260}.Debug|x86.Build.0 = Debug|Win32
		{3727946A-FA0E-4821-B1EA-DAB621BC0260}.Release|x64.ActiveCfg = Release|x64
		{3727946A-FA0E-4821-B1EA-DAB621BC0260}.Release|x64.Build.0 = Release|x64
		{3727946A-FA0E-4821-B1EA-DAB621BC0260}.Release|x86.ActiveCfg = Release|Win32
		{3727946A-FA0E-4821-B1EA-DAB621BC0260}.Release|x86.Build.0 = Release|Win32
	EndGlobalSection
	GlobalSection(SolutionProperties) = preSolution
		HideSolutionNode = FALSE
	EndGlobalSection
	GlobalSection(ExtensibilityGlobals) = postSolution
		SolutionGuid = {5C4CDE69-3EDF-41B0-B8F7-9044E43C859E}
	EndGlobalSection
EndGlobal
